
Microsoft Visual Studio Solution File, Format Version 12.00
# Visual Studio Version 17
VisualStudioVersion = 17.4.33205.214
MinimumVisualStudioVersion = 10.0.40219.1
Project("{8BC9CEB8-8B4A-11D0-8D11-00A0C91BC942}") = "GenshinThor", "GenshinThor.vcxproj", "{9ACE57CB-DE97-4942-94A0-10D9A2AEB6ED}"
EndProject
Project("{8BC9CEB8-8B4A-11D0-8D11-00A0C91BC942}") = "CheatLibrary", "..\CheatLibrary\CheatLibrary.vcxproj", "{8A1ED2BD-83FB-480A-9E2F-638D095EED91}"
EndProject
Global
	GlobalSection(SolutionConfigurationPlatforms) = preSolution
		Debug|x64 = Debug|x64
		Debug|x86 = Debug|x86
		Release|x64 = Release|x64
		Release|x86 = Release|x86
	EndGlobalSection
	GlobalSection(ProjectConfigurationPlatforms) = postSolution
		{9ACE57CB-DE97-4942-94A0-10D9A2AEB6ED}.Debug|x64.ActiveCfg = Debug|x64
		{9ACE57CB-DE97-4942-94A0-10D9A2AEB6ED}.Debug|x64.Build.0 = Debug|x64
		{9ACE57CB-DE97-4942-94A0-10D9A2AEB6ED}.Debug|x86.ActiveCfg = Debug|Win32
		{9ACE57CB-DE97-4942-94A0-10D9A2AEB6ED}.Debug|x86.Build.0 = Debug|Win32
		{9ACE57CB-DE97-4942-94A0-10D9A2AEB6ED}.Release|x64.ActiveCfg = Release|x64
		{9ACE57CB-DE97-4942-94A0-10D9A2AEB6ED}.Release|x64.Build.0 = Release|x64
		{9ACE57CB-DE97-4942-94A0-10D9A2AEB6ED}.Release|x86.ActiveCfg = Release|Win32
		{9ACE57CB-DE97-4942-94A0-10D9A2AEB6ED}.Release|x86.Build.0 = Release|Win32
		{8A1ED2BD-83FB-480A-9E2F-638D095EED91}.Debug|x64.ActiveCfg = Debug|x64
		{8A1ED2BD-83FB-480A-9E2F-638D095EED91}.Debug|x64.Build.0 = Debug|x64
		{8A1ED2BD-83FB-480A-9E2F-638D095EED91}.Debug|x86.ActiveCfg = Debug|Win32
		{8A1ED2BD-83FB-480A-9E2F-638D095EED91}.Debug|x86.Build.0 = Debug|Win32
		{8A1ED2BD-83FB-480A-9E2F-638D095EED91}.Release|x64.ActiveCfg = Release|x64
		{8A1ED2BD-83FB-480A-9E2F-638D095EED91}.Release|x64.Build.0 = Release|x64
		{8A1ED2BD-83FB-480A-9E2F-638D095EED91}.Release|x86.ActiveCfg = Release|Win32
		{8A1ED2BD-83FB-480A-9E2F-638D095EED91}.Release|x86.Build.0 = Release|Win32
	EndGlobalSection
	GlobalSection(SolutionProperties) = preSolution
		HideSolutionNode = FALSE
	EndGlobalSection
	GlobalSection(ExtensibilityGlobals) = postSolution
		SolutionGuid = {BCBA48E8-BFC8-4681-B7A2-26007616A610}
	EndGlobalSection
EndGlobal
